// !$*UTF8*$!
{
	archiveVersion = 1;
	classes = {
	};
	objectVersion = 46;
	objects = {

/* Begin PBXBuildFile section */
		96FDD9D71EB0239E00C55A7A /* AppDelegate.swift in Sources */ = {isa = PBXBuildFile; fileRef = 96FDD9D61EB0239E00C55A7A /* AppDelegate.swift */; };
		96FDD9D91EB0239E00C55A7A /* ViewController.swift in Sources */ = {isa = PBXBuildFile; fileRef = 96FDD9D81EB0239E00C55A7A /* ViewController.swift */; };
		96FDD9DC1EB0239E00C55A7A /* Main.storyboard in Resources */ = {isa = PBXBuildFile; fileRef = 96FDD9DA1EB0239E00C55A7A /* Main.storyboard */; };
		96FDD9DE1EB0239E00C55A7A /* Assets.xcassets in Resources */ = {isa = PBXBuildFile; fileRef = 96FDD9DD1EB0239E00C55A7A /* Assets.xcassets */; };
		96FDD9E11EB0239E00C55A7A /* LaunchScreen.storyboard in Resources */ = {isa = PBXBuildFile; fileRef = 96FDD9DF1EB0239E00C55A7A /* LaunchScreen.storyboard */; };
/* End PBXBuildFile section */

/* Begin PBXFileReference section */
		96FDD9D31EB0239E00C55A7A /* Udemy Emoji Dictionary.app */ = {isa = PBXFileReference; explicitFileType = wrapper.application; includeInIndex = 0; path = "Udemy Emoji Dictionary.app"; sourceTree = BUILT_PRODUCTS_DIR; };
		96FDD9D61EB0239E00C55A7A /* AppDelegate.swift */ = {isa = PBXFileReference; lastKnownFileType = sourcecode.swift; path = AppDelegate.swift; sourceTree = "<group>"; };
		96FDD9D81EB0239E00C55A7A /* ViewController.swift */ = {isa = PBXFileReference; lastKnownFileType = sourcecode.swift; path = ViewController.swift; sourceTree = "<group>"; };
		96FDD9DB1EB0239E00C55A7A /* Base */ = {isa = PBXFileReference; lastKnownFileType = file.storyboard; name = Base; path = Base.lproj/Main.storyboard; sourceTree = "<group>"; };
		96FDD9DD1EB0239E00C55A7A /* Assets.xcassets */ = {isa = PBXFileReference; lastKnownFileType = folder.assetcatalog; path = Assets.xcassets; sourceTree = "<group>"; };
		96FDD9E01EB0239E00C55A7A /* Base */ = {isa = PBXFileReference; lastKnownFileType = file.storyboard; name = Base; path = Base.lproj/LaunchScreen.storyboard; sourceTree = "<group>"; };
		96FDD9E21EB0239E00C55A7A /* Info.plist */ = {isa = PBXFileReference; lastKnownFileType = text.plist.xml; path = Info.plist; sourceTree = "<group>"; };
/* End PBXFileReference section */

/* Begin PBXFrameworksBuildPhase section */
		96FDD9D01EB0239E00C55A7A /* Frameworks */ = {
			isa = PBXFrameworksBuildPhase;
			buildActionMask = 2147483647;
			files = (
			);
			runOnlyForDeploymentPostprocessing = 0;
		};
/* End PBXFrameworksBuildPhase section */

/* Begin PBXGroup section */
		96FDD9CA1EB0239D00C55A7A = {
			isa = PBXGroup;
			children = (
				96FDD9D51EB0239E00C55A7A /* Udemy Emoji Dictionary */,
				96FDD9D41EB0239E00C55A7A /* Products */,
			);
			sourceTree = "<group>";
		};
		96FDD9D41EB0239E00C55A7A /* Products */ = {
			isa = PBXGroup;
			children = (
				96FDD9D31EB0239E00C55A7A /* Udemy Emoji Dictionary.app */,
			);
			name = Products;
			sourceTree = "<group>";
		};
		96FDD9D51EB0239E00C55A7A /* Udemy Emoji Dictionary */ = {
			isa = PBXGroup;
			children = (
				96FDD9D61EB0239E00C55A7A /* AppDelegate.swift */,
				96FDD9D81EB0239E00C55A7A /* ViewController.swift */,
				96FDD9DA1EB0239E00C55A7A /* Main.storyboard */,
				96FDD9DD1EB0239E00C55A7A /* Assets.xcassets */,
				96FDD9DF1EB0239E00C55A7A /* LaunchScreen.storyboard */,
				96FDD9E21EB0239E00C55A7A /* Info.plist */,
			);
			path = "Udemy Emoji Dictionary";
			sourceTree = "<group>";
		};
/* End PBXGroup section */

/* Begin PBXNativeTarget section */
		96FDD9D21EB0239E00C55A7A /* Udemy Emoji Dictionary */ = {
			isa = PBXNativeTarget;
			buildConfigurationList = 96FDD9E51EB0239F00C55A7A /* Build configuration list for PBXNativeTarget "Udemy Emoji Dictionary" */;
			buildPhases = (
				96FDD9CF1EB0239E00C55A7A /* Sources */,
				96FDD9D01EB0239E00C55A7A /* Frameworks */,
				96FDD9D11EB0239E00C55A7A /* Resources */,
			);
			buildRules = (
			);
			dependencies = (
			);
			name = "Udemy Emoji Dictionary";
			productName = "Udemy Emoji Dictionary";
			productReference = 96FDD9D31EB0239E00C55A7A /* Udemy Emoji Dictionary.app */;
			productType = "com.apple.product-type.application";
		};
/* End PBXNativeTarget section */

/* Begin PBXProject section */
		96FDD9CB1EB0239D00C55A7A /* Project object */ = {
			isa = PBXProject;
			attributes = {
				LastSwiftUpdateCheck = 0830;
				LastUpgradeCheck = 0830;
				ORGANIZATIONNAME = "Will Laco";
				TargetAttributes = {
					96FDD9D21EB0239E00C55A7A = {
						CreatedOnToolsVersion = 8.3.2;
						ProvisioningStyle = Automatic;
					};
				};
			};
			buildConfigurationList = 96FDD9CE1EB0239E00C55A7A /* Build configuration list for PBXProject "Udemy Emoji Dictionary" */;
			compatibilityVersion = "Xcode 3.2";
			developmentRegion = English;
			hasScannedForEncodings = 0;
			knownRegions = (
				en,
				Base,
			);
			mainGroup = 96FDD9CA1EB0239D00C55A7A;
			productRefGroup = 96FDD9D41EB0239E00C55A7A /* Products */;
			projectDirPath = "";
			projectRoot = "";
			targets = (
				96FDD9D21EB0239E00C55A7A /* Udemy Emoji Dictionary */,
			);
		};
/* End PBXProject section */

/* Begin PBXResourcesBuildPhase section */
		96FDD9D11EB0239E00C55A7A /* Resources */ = {
			isa = PBXResourcesBuildPhase;
			buildActionMask = 2147483647;
			files = (
				96FDD9E11EB0239E00C55A7A /* LaunchScreen.storyboard in Resources */,
				96FDD9DE1EB0239E00C55A7A /* Assets.xcassets in Resources */,
				96FDD9DC1EB0239E00C55A7A /* Main.storyboard in Resources */,
			);
			runOnlyForDeploymentPostprocessing = 0;
		};
/* End PBXResourcesBuildPhase section */

/* Begin PBXSourcesBuildPhase section */
		96FDD9CF1EB0239E00C55A7A /* Sources */ = {
			isa = PBXSourcesBuildPhase;
			buildActionMask = 2147483647;
			files = (
				96FDD9D91EB0239E00C55A7A /* ViewController.swift in Sources */,
				96FDD9D71EB0239E00C55A7A /* AppDelegate.swift in Sources */,
			);
			runOnlyForDeploymentPostprocessing = 0;
		};
/* End PBXSourcesBuildPhase section */

/* Begin PBXVariantGroup section */
		96FDD9DA1EB0239E00C55A7A /* Main.storyboard */ = {
			isa = PBXVariantGroup;
			children = (
				96FDD9DB1EB0239E00C55A7A /* Base */,
			);
			name = Main.storyboard;
			sourceTree = "<group>";
		};
		96FDD9DF1EB0239E00C55A7A /* LaunchScreen.storyboard */ = {
			isa = PBXVariantGroup;
			children = (
				96FDD9E01EB0239E00C55A7A /* Base */,
			);
			name = LaunchScreen.storyboard;
			sourceTree = "<group>";
		};
/* End PBXVariantGroup section */

/* Begin XCBuildConfiguration section */
		96FDD9E31EB0239E00C55A7A /* Debug */ = {
			isa = XCBuildConfiguration;
			buildSettings = {
				ALWAYS_SEARCH_USER_PATHS = NO;
				CLANG_ANALYZER_NONNULL = YES;
				CLANG_ANALYZER_NUMBER_OBJECT_CONVERSION = YES_AGGRESSIVE;
				CLANG_CXX_LANGUAGE_STANDARD = "gnu++0x";
				CLANG_CXX_LIBRARY = "libc++";
				CLANG_ENABLE_MODULES = YES;
				CLANG_ENABLE_OBJC_ARC = YES;
				CLANG_WARN_BOOL_CONVERSION = YES;
				CLANG_WARN_CONSTANT_CONVERSION = YES;
				CLANG_WARN_DIRECT_OBJC_ISA_USAGE = YES_ERROR;
				CLANG_WARN_DOCUMENTATION_COMMENTS = YES;
				CLANG_WARN_EMPTY_BODY = YES;
				CLANG_WARN_ENUM_CONVERSION = YES;
				CLANG_WARN_INFINITE_RECURSION = YES;
				CLANG_WARN_INT_CONVERSION = YES;
				CLANG_WARN_OBJC_ROOT_CLASS = YES_ERROR;
				CLANG_WARN_SUSPICIOUS_MOVE = YES;
				CLANG_WARN_UNREACHABLE_CODE = YES;
				CLANG_WARN__DUPLICATE_METHOD_MATCH = YES;
				"CODE_SIGN_IDENTITY[sdk=iphoneos*]" = "iPhone Developer";
				COPY_PHASE_STRIP = NO;
				DEBUG_INFORMATION_FORMAT = dwarf;
				ENABLE_STRICT_OBJC_MSGSEND = YES;
				ENABLE_TESTABILITY = YES;
				GCC_C_LANGUAGE_STANDARD = gnu99;
				GCC_DYNAMIC_NO_PIC = NO;
				GCC_NO_COMMON_BLOCKS = YES;
				GCC_OPTIMIZATION_LEVEL = 0;
				GCC_PREPROCESSOR_DEFINITIONS = (
					"DEBUG=1",
					"$(inherited)",
				);
				GCC_WARN_64_TO_32_BIT_CONVERSION = YES;
				GCC_WARN_ABOUT_RETURN_TYPE = YES_ERROR;
				GCC_WARN_UNDECLARED_SELECTOR = YES;
				GCC_WARN_UNINITIALIZED_AUTOS = YES_AGGRESSIVE;
				GCC_WARN_UNUSED_FUNCTION = YES;
				GCC_WARN_UNUSED_VARIABLE = YES;
				IPHONEOS_DEPLOYMENT_TARGET = 10.3;
				MTL_ENABLE_DEBUG_INFO = YES;
				ONLY_ACTIVE_ARCH = YES;
				SDKROOT = iphoneos;
				SWIFT_ACTIVE_COMPILATION_CONDITIONS = DEBUG;
				SWIFT_OPTIMIZATION_LEVEL = "-Onone";
				TARGETED_DEVICE_FAMILY = "1,2";
			};
			name = Debug;
		};
		96FDD9E41EB0239E00C55A7A /* Release */ = {
			isa = XCBuildConfiguration;
			buildSettings = {
				ALWAYS_SEARCH_USER_PATHS = NO;
				CLANG_ANALYZER_NONNULL = YES;
				CLANG_ANALYZER_NUMBER_OBJECT_CONVERSION = YES_AGGRESSIVE;
				CLANG_CXX_LANGUAGE_STANDARD = "gnu++0x";
				CLANG_CXX_LIBRARY = "libc++";
				CLANG_ENABLE_MODULES = YES;
				CLANG_ENABLE_OBJC_ARC = YES;
				CLANG_WARN_BOOL_CONVERSION = YES;
				CLANG_WARN_CONSTANT_CONVERSION = YES;
				CLANG_WARN_DIRECT_OBJC_ISA_USAGE = YES_ERROR;
				CLANG_WARN_DOCUMENTATION_COMMENTS = YES;
				CLANG_WARN_EMPTY_BODY = YES;
				CLANG_WARN_ENUM_CONVERSION = YES;
				CLANG_WARN_INFINITE_RECURSION = YES;
				CLANG_WARN_INT_CONVERSION = YES;
				CLANG_WARN_OBJC_ROOT_CLASS = YES_ERROR;
				CLANG_WARN_SUSPICIOUS_MOVE = YES;
				CLANG_WARN_UNREACHABLE_CODE = YES;
				CLANG_WARN__DUPLICATE_METHOD_MATCH = YES;
				"CODE_SIGN_IDENTITY[sdk=iphoneos*]" = "iPhone Developer";
				COPY_PHASE_STRIP = NO;
				DEBUG_INFORMATION_FORMAT = "dwarf-with-dsym";
				ENABLE_NS_ASSERTIONS = NO;
				ENABLE_STRICT_OBJC_MSGSEND = YES;
				GCC_C_LANGUAGE_STANDARD = gnu99;
				GCC_NO_COMMON_BLOCKS = YES;
				GCC_WARN_64_TO_32_BIT_CONVERSION = YES;
				GCC_WARN_ABOUT_RETURN_TYPE = YES_ERROR;
				GCC_WARN_UNDECLARED_SELECTOR = YES;
				GCC_WARN_UNINITIALIZED_AUTOS = YES_AGGRESSIVE;
				GCC_WARN_UNUSED_FUNCTION = YES;
				GCC_WARN_UNUSED_VARIABLE = YES;
				IPHONEOS_DEPLOYMENT_TARGET = 10.3;
				MTL_ENABLE_DEBUG_INFO = NO;
				SDKROOT = iphoneos;
				SWIFT_OPTIMIZATION_LEVEL = "-Owholemodule";
				TARGETED_DEVICE_FAMILY = "1,2";
				VALIDATE_PRODUCT = YES;
			};
			name = Release;
		};
		96FDD9E61EB0239F00C55A7A /* Debug */ = {
			isa = XCBuildConfiguration;
			buildSettings = {
				ASSETCATALOG_COMPILER_APPICON_NAME = AppIcon;
				INFOPLIST_FILE = "Udemy Emoji Dictionary/Info.plist";
				LD_RUNPATH_SEARCH_PATHS = "$(inherited) @executable_path/Frameworks";
				PRODUCT_BUNDLE_IDENTIFIER = "WL.Udemy-Emoji-Dictionary";
				PRODUCT_NAME = "$(TARGET_NAME)";
				SWIFT_VERSION = 3.0;
			};
			name = Debug;
		};
		96FDD9E71EB0239F00C55A7A /* Release */ = {
			isa = XCBuildConfiguration;
			buildSettings = {
				ASSETCATALOG_COMPILER_APPICON_NAME = AppIcon;
				INFOPLIST_FILE = "Udemy Emoji Dictionary/Info.plist";
				LD_RUNPATH_SEARCH_PATHS = "$(inherited) @executable_path/Frameworks";
				PRODUCT_BUNDLE_IDENTIFIER = "WL.Udemy-Emoji-Dictionary";
				PRODUCT_NAME = "$(TARGET_NAME)";
				SWIFT_VERSION = 3.0;
			};
			name = Release;
		};
/* End XCBuildConfiguration section */

/* Begin XCConfigurationList section */
		96FDD9CE1EB0239E00C55A7A /* Build configuration list for PBXProject "Udemy Emoji Dictionary" */ = {
			isa = XCConfigurationList;
			buildConfigurations = (
				96FDD9E31EB0239E00C55A7A /* Debug */,
				96FDD9E41EB0239E00C55A7A /* Release */,
			);
			defaultConfigurationIsVisible = 0;
			defaultConfigurationName = Release;
		};
		96FDD9E51EB0239F00C55A7A /* Build configuration list for PBXNativeTarget "Udemy Emoji Dictionary" */ = {
			isa = XCConfigurationList;
			buildConfigurations = (
				96FDD9E61EB0239F00C55A7A /* Debug */,
				96FDD9E71EB0239F00C55A7A /* Release */,
			);
			defaultConfigurationIsVisible = 0;
		};
/* End XCConfigurationList section */
	};
	rootObject = 96FDD9CB1EB0239D00C55A7A /* Project object */;
}
